PODS:
  - Alamofire (4.8.0)
  - SwiftSoup (1.7.4)
  - SwiftyJSON (4.2.0)

DEPENDENCIES:
  - Alamofire (~> 4.7)
  - SwiftSoup
  - SwiftyJSON

SPEC REPOS:
  https://github.com/cocoapods/specs.git:
    - Alamofire
    - SwiftSoup
    - SwiftyJSON

SPEC CHECKSUMS:
  Alamofire: 3ec537f71edc9804815215393ae2b1a8ea33a844
  SwiftSoup: 92f5b348c131aed8af04f4326db1579ab19fa08c
  SwiftyJSON: c4bcba26dd9ec7a027fc8eade48e2c911f229e96

PODFILE CHECKSUM: 43c4db5623e934650bd3715e771e1388da9d0e51

COCOAPODS: 1.5.3
